
Microsoft Visual Studio Solution File, Format Version 12.00
# Visual Studio Version 17
VisualStudioVersion = 17.14.36414.22 d17.14
MinimumVisualStudioVersion = 10.0.40219.1
Project("{FAE04EC0-301F-11D3-BF4B-00C04F79EFBC}") = "backend", "backend\backend.csproj", "{7883F9D9-FE7B-493F-9F0B-EF4EB32590FE}"
EndProject
Global
	GlobalSection(SolutionConfigurationPlatforms) = preSolution
		Debug|Any CPU = Debug|Any CPU
		Release|Any CPU = Release|Any CPU
	EndGlobalSection
	GlobalSection(ProjectConfigurationPlatforms) = postSolution
		{7883F9D9-FE7B-493F-9F0B-EF4EB32590FE}.Debug|Any CPU.ActiveCfg = Debug|Any CPU
		{7883F9D9-FE7B-493F-9F0B-EF4EB32590FE}.Debug|Any CPU.Build.0 = Debug|Any CPU
		{7883F9D9-FE7B-493F-9F0B-EF4EB32590FE}.Release|Any CPU.ActiveCfg = Release|Any CPU
		{7883F9D9-FE7B-493F-9F0B-EF4EB32590FE}.Release|Any CPU.Build.0 = Release|Any CPU
	EndGlobalSection
	GlobalSection(SolutionProperties) = preSolution
		HideSolutionNode = FALSE
	EndGlobalSection
	GlobalSection(ExtensibilityGlobals) = postSolution
		SolutionGuid = {02F555F0-3364-4F48-85A6-871C3ECF187B}
	EndGlobalSection
EndGlobal
